// !$*UTF8*$!
{
	archiveVersion = 1;
	classes = {
	};
	objectVersion = 46;
	objects = {

/* Begin PBXBuildFile section */
		34532BD1D9C7C2015BD64C1E /* Pods_PushNotificationTest.framework in Frameworks */ = {isa = PBXBuildFile; fileRef = 9814E5CD29F7E1910F0DBD1F /* Pods_PushNotificationTest.framework */; };
		9899B65D360CE1C83DBCE0C3 /* Pods_PushNotificationTestUITests.framework in Frameworks */ = {isa = PBXBuildFile; fileRef = 0D4DD6AEB090DC9934FB1231 /* Pods_PushNotificationTestUITests.framework */; };
		D11C9A6C1F910FB800664BAF /* AppDelegate.swift in Sources */ = {isa = PBXBuildFile; fileRef = D11C9A6B1F910FB800664BAF /* AppDelegate.swift */; };
		D11C9A6E1F910FB800664BAF /* ViewController.swift in Sources */ = {isa = PBXBuildFile; fileRef = D11C9A6D1F910FB800664BAF /* ViewController.swift */; };
		D11C9A711F910FB800664BAF /* Main.storyboard in Resources */ = {isa = PBXBuildFile; fileRef = D11C9A6F1F910FB800664BAF /* Main.storyboard */; };
		D11C9A731F910FB800664BAF /* Assets.xcassets in Resources */ = {isa = PBXBuildFile; fileRef = D11C9A721F910FB800664BAF /* Assets.xcassets */; };
		D11C9A761F910FB800664BAF /* LaunchScreen.storyboard in Resources */ = {isa = PBXBuildFile; fileRef = D11C9A741F910FB800664BAF /* LaunchScreen.storyboard */; };
		D11C9A811F910FB900664BAF /* PushNotificationTestTests.swift in Sources */ = {isa = PBXBuildFile; fileRef = D11C9A801F910FB900664BAF /* PushNotificationTestTests.swift */; };
		D11C9A8C1F910FB900664BAF /* PushNotificationTestUITests.swift in Sources */ = {isa = PBXBuildFile; fileRef = D11C9A8B1F910FB900664BAF /* PushNotificationTestUITests.swift */; };
		D11C9A9A1F9111CE00664BAF /* GoogleService-Info.plist in Resources */ = {isa = PBXBuildFile; fileRef = D11C9A991F9111CE00664BAF /* GoogleService-Info.plist */; };
		D11C9A9B1F9111CE00664BAF /* GoogleService-Info.plist in Resources */ = {isa = PBXBuildFile; fileRef = D11C9A991F9111CE00664BAF /* GoogleService-Info.plist */; };
		D11C9A9C1F9111CE00664BAF /* GoogleService-Info.plist in Resources */ = {isa = PBXBuildFile; fileRef = D11C9A991F9111CE00664BAF /* GoogleService-Info.plist */; };
		D7AFE4B8525E12037D3B269A /* Pods_PushNotificationTestTests.framework in Frameworks */ = {isa = PBXBuildFile; fileRef = 5AAB45A4027B7BB1DDE969D5 /* Pods_PushNotificationTestTests.framework */; };
/* End PBXBuildFile section */

/* Begin PBXContainerItemProxy section */
		D11C9A7D1F910FB900664BAF /* PBXContainerItemProxy */ = {
			isa = PBXContainerItemProxy;
			containerPortal = D11C9A601F910FB800664BAF /* Project object */;
			proxyType = 1;
			remoteGlobalIDString = D11C9A671F910FB800664BAF;
			remoteInfo = PushNotificationTest;
		};
		D11C9A881F910FB900664BAF /* PBXContainerItemProxy */ = {
			isa = PBXContainerItemProxy;
			containerPortal = D11C9A601F910FB800664BAF /* Project object */;
			proxyType = 1;
			remoteGlobalIDString = D11C9A671F910FB800664BAF;
			remoteInfo = PushNotificationTest;
		};
/* End PBXContainerItemProxy section */

/* Begin PBXFileReference section */
		0D4DD6AEB090DC9934FB1231 /* Pods_PushNotificationTestUITests.framework */ = {isa = PBXFileReference; explicitFileType = wrapper.framework; includeInIndex = 0; path = Pods_PushNotificationTestUITests.framework; sourceTree = BUILT_PRODUCTS_DIR; };
		19D0F8B6B3692F5FDE173B6A /* Pods-PushNotificationTestUITests.release.xcconfig */ = {isa = PBXFileReference; includeInIndex = 1; lastKnownFileType = text.xcconfig; name = "Pods-PushNotificationTestUITests.release.xcconfig"; path = "Pods/Target Support Files/Pods-PushNotificationTestUITests/Pods-PushNotificationTestUITests.release.xcconfig"; sourceTree = "<group>"; };
		2707D680B39D61A1190DE23C /* Pods-PushNotificationTest.release.xcconfig */ = {isa = PBXFileReference; includeInIndex = 1; lastKnownFileType = text.xcconfig; name = "Pods-PushNotificationTest.release.xcconfig"; path = "Pods/Target Support Files/Pods-PushNotificationTest/Pods-PushNotificationTest.release.xcconfig"; sourceTree = "<group>"; };
		44D95FB60D455377FC2EA480 /* Pods-PushNotificationTestTests.debug.xcconfig */ = {isa = PBXFileReference; includeInIndex = 1; lastKnownFileType = text.xcconfig; name = "Pods-PushNotificationTestTests.debug.xcconfig"; path = "Pods/Target Support Files/Pods-PushNotificationTestTests/Pods-PushNotificationTestTests.debug.xcconfig"; sourceTree = "<group>"; };
		45F976A1AB742E85D374EFC1 /* Pods-PushNotificationTest.debug.xcconfig */ = {isa = PBXFileReference; includeInIndex = 1; lastKnownFileType = text.xcconfig; name = "Pods-PushNotificationTest.debug.xcconfig"; path = "Pods/Target Support Files/Pods-PushNotificationTest/Pods-PushNotificationTest.debug.xcconfig"; sourceTree = "<group>"; };
		5AAB45A4027B7BB1DDE969D5 /* Pods_PushNotificationTestTests.framework */ = {isa = PBXFileReference; explicitFileType = wrapper.framework; includeInIndex = 0; path = Pods_PushNotificationTestTests.framework; sourceTree = BUILT_PRODUCTS_DIR; };
		727E5909D234C6EA5EA4B6DA /* Pods-PushNotificationTestUITests.debug.xcconfig */ = {isa = PBXFileReference; includeInIndex = 1; lastKnownFileType = text.xcconfig; name = "Pods-PushNotificationTestUITests.debug.xcconfig"; path = "Pods/Target Support Files/Pods-PushNotificationTestUITests/Pods-PushNotificationTestUITests.debug.xcconfig"; sourceTree = "<group>"; };
		813415C2DAA6D4989C6B4E7D /* Pods-PushNotificationTestTests.release.xcconfig */ = {isa = PBXFileReference; includeInIndex = 1; lastKnownFileType = text.xcconfig; name = "Pods-PushNotificationTestTests.release.xcconfig"; path = "Pods/Target Support Files/Pods-PushNotificationTestTests/Pods-PushNotificationTestTests.release.xcconfig"; sourceTree = "<group>"; };
		9814E5CD29F7E1910F0DBD1F /* Pods_PushNotificationTest.framework */ = {isa = PBXFileReference; explicitFileType = wrapper.framework; includeInIndex = 0; path = Pods_PushNotificationTest.framework; sourceTree = BUILT_PRODUCTS_DIR; };
		D11C9A681F910FB800664BAF /* PushNotificationTest.app */ = {isa = PBXFileReference; explicitFileType = wrapper.application; includeInIndex = 0; path = PushNotificationTest.app; sourceTree = BUILT_PRODUCTS_DIR; };
		D11C9A6B1F910FB800664BAF /* AppDelegate.swift */ = {isa = PBXFileReference; lastKnownFileType = sourcecode.swift; path = AppDelegate.swift; sourceTree = "<group>"; };
		D11C9A6D1F910FB800664BAF /* ViewController.swift */ = {isa = PBXFileReference; lastKnownFileType = sourcecode.swift; path = ViewController.swift; sourceTree = "<group>"; };
		D11C9A701F910FB800664BAF /* Base */ = {isa = PBXFileReference; lastKnownFileType = file.storyboard; name = Base; path = Base.lproj/Main.storyboard; sourceTree = "<group>"; };
		D11C9A721F910FB800664BAF /* Assets.xcassets */ = {isa = PBXFileReference; lastKnownFileType = folder.assetcatalog; path = Assets.xcassets; sourceTree = "<group>"; };
		D11C9A751F910FB800664BAF /* Base */ = {isa = PBXFileReference; lastKnownFileType = file.storyboard; name = Base; path = Base.lproj/LaunchScreen.storyboard; sourceTree = "<group>"; };
		D11C9A771F910FB800664BAF /* Info.plist */ = {isa = PBXFileReference; lastKnownFileType = text.plist.xml; path = Info.plist; sourceTree = "<group>"; };
		D11C9A7C1F910FB900664BAF /* PushNotificationTestTests.xctest */ = {isa = PBXFileReference; explicitFileType = wrapper.cfbundle; includeInIndex = 0; path = PushNotificationTestTests.xctest; sourceTree = BUILT_PRODUCTS_DIR; };
		D11C9A801F910FB900664BAF /* PushNotificationTestTests.swift */ = {isa = PBXFileReference; lastKnownFileType = sourcecode.swift; path = PushNotificationTestTests.swift; sourceTree = "<group>"; };
		D11C9A821F910FB900664BAF /* Info.plist */ = {isa = PBXFileReference; lastKnownFileType = text.plist.xml; path = Info.plist; sourceTree = "<group>"; };
		D11C9A871F910FB900664BAF /* PushNotificationTestUITests.xctest */ = {isa = PBXFileReference; explicitFileType = wrapper.cfbundle; includeInIndex = 0; path = PushNotificationTestUITests.xctest; sourceTree = BUILT_PRODUCTS_DIR; };
		D11C9A8B1F910FB900664BAF /* PushNotificationTestUITests.swift */ = {isa = PBXFileReference; lastKnownFileType = sourcecode.swift; path = PushNotificationTestUITests.swift; sourceTree = "<group>"; };
		D11C9A8D1F910FB900664BAF /* Info.plist */ = {isa = PBXFileReference; lastKnownFileType = text.plist.xml; path = Info.plist; sourceTree = "<group>"; };
		D11C9A991F9111CE00664BAF /* GoogleService-Info.plist */ = {isa = PBXFileReference; fileEncoding = 4; lastKnownFileType = text.plist.xml; path = "GoogleService-Info.plist"; sourceTree = "<group>"; };
		D11C9A9D1F96658200664BAF /* PushNotificationTest.entitlements */ = {isa = PBXFileReference; lastKnownFileType = text.plist.entitlements; path = PushNotificationTest.entitlements; sourceTree = "<group>"; };
/* End PBXFileReference section */

/* Begin PBXFrameworksBuildPhase section */
		D11C9A651F910FB800664BAF /* Frameworks */ = {
			isa = PBXFrameworksBuildPhase;
			buildActionMask = 2147483647;
			files = (
				34532BD1D9C7C2015BD64C1E /* Pods_PushNotificationTest.framework in Frameworks */,
			);
			runOnlyForDeploymentPostprocessing = 0;
		};
		D11C9A791F910FB900664BAF /* Frameworks */ = {
			isa = PBXFrameworksBuildPhase;
			buildActionMask = 2147483647;
			files = (
				D7AFE4B8525E12037D3B269A /* Pods_PushNotificationTestTests.framework in Frameworks */,
			);
			runOnlyForDeploymentPostprocessing = 0;
		};
		D11C9A841F910FB900664BAF /* Frameworks */ = {
			isa = PBXFrameworksBuildPhase;
			buildActionMask = 2147483647;
			files = (
				9899B65D360CE1C83DBCE0C3 /* Pods_PushNotificationTestUITests.framework in Frameworks */,
			);
			runOnlyForDeploymentPostprocessing = 0;
		};
/* End PBXFrameworksBuildPhase section */

/* Begin PBXGroup section */
		07485AB158F93688935B7427 /* Frameworks */ = {
			isa = PBXGroup;
			children = (
				9814E5CD29F7E1910F0DBD1F /* Pods_PushNotificationTest.framework */,
				5AAB45A4027B7BB1DDE969D5 /* Pods_PushNotificationTestTests.framework */,
				0D4DD6AEB090DC9934FB1231 /* Pods_PushNotificationTestUITests.framework */,
			);
			name = Frameworks;
			sourceTree = "<group>";
		};
		2E9CDAA66552B938545D7409 /* Pods */ = {
			isa = PBXGroup;
			children = (
				45F976A1AB742E85D374EFC1 /* Pods-PushNotificationTest.debug.xcconfig */,
				2707D680B39D61A1190DE23C /* Pods-PushNotificationTest.release.xcconfig */,
				44D95FB60D455377FC2EA480 /* Pods-PushNotificationTestTests.debug.xcconfig */,
				813415C2DAA6D4989C6B4E7D /* Pods-PushNotificationTestTests.release.xcconfig */,
				727E5909D234C6EA5EA4B6DA /* Pods-PushNotificationTestUITests.debug.xcconfig */,
				19D0F8B6B3692F5FDE173B6A /* Pods-PushNotificationTestUITests.release.xcconfig */,
			);
			name = Pods;
			sourceTree = "<group>";
		};
		D11C9A5F1F910FB800664BAF = {
			isa = PBXGroup;
			children = (
				D11C9A6A1F910FB800664BAF /* PushNotificationTest */,
				D11C9A7F1F910FB900664BAF /* PushNotificationTestTests */,
				D11C9A8A1F910FB900664BAF /* PushNotificationTestUITests */,
				D11C9A691F910FB800664BAF /* Products */,
				2E9CDAA66552B938545D7409 /* Pods */,
				07485AB158F93688935B7427 /* Frameworks */,
			);
			sourceTree = "<group>";
		};
		D11C9A691F910FB800664BAF /* Products */ = {
			isa = PBXGroup;
			children = (
				D11C9A681F910FB800664BAF /* PushNotificationTest.app */,
				D11C9A7C1F910FB900664BAF /* PushNotificationTestTests.xctest */,
				D11C9A871F910FB900664BAF /* PushNotificationTestUITests.xctest */,
			);
			name = Products;
			sourceTree = "<group>";
		};
		D11C9A6A1F910FB800664BAF /* PushNotificationTest */ = {
			isa = PBXGroup;
			children = (
				D11C9A9D1F96658200664BAF /* PushNotificationTest.entitlements */,
				D11C9A6B1F910FB800664BAF /* AppDelegate.swift */,
				D11C9A6D1F910FB800664BAF /* ViewController.swift */,
				D11C9A6F1F910FB800664BAF /* Main.storyboard */,
				D11C9A721F910FB800664BAF /* Assets.xcassets */,
				D11C9A741F910FB800664BAF /* LaunchScreen.storyboard */,
				D11C9A771F910FB800664BAF /* Info.plist */,
				D11C9A991F9111CE00664BAF /* GoogleService-Info.plist */,
			);
			path = PushNotificationTest;
			sourceTree = "<group>";
		};
		D11C9A7F1F910FB900664BAF /* PushNotificationTestTests */ = {
			isa = PBXGroup;
			children = (
				D11C9A801F910FB900664BAF /* PushNotificationTestTests.swift */,
				D11C9A821F910FB900664BAF /* Info.plist */,
			);
			path = PushNotificationTestTests;
			sourceTree = "<group>";
		};
		D11C9A8A1F910FB900664BAF /* PushNotificationTestUITests */ = {
			isa = PBXGroup;
			children = (
				D11C9A8B1F910FB900664BAF /* PushNotificationTestUITests.swift */,
				D11C9A8D1F910FB900664BAF /* Info.plist */,
			);
			path = PushNotificationTestUITests;
			sourceTree = "<group>";
		};
/* End PBXGroup section */

/* Begin PBXNativeTarget section */
		D11C9A671F910FB800664BAF /* PushNotificationTest */ = {
			isa = PBXNativeTarget;
			buildConfigurationList = D11C9A901F910FB900664BAF /* Build configuration list for PBXNativeTarget "PushNotificationTest" */;
			buildPhases = (
				BD0555F84AE274B176DA3034 /* [CP] Check Pods Manifest.lock */,
				D11C9A641F910FB800664BAF /* Sources */,
				D11C9A651F910FB800664BAF /* Frameworks */,
				D11C9A661F910FB800664BAF /* Resources */,
				31B4FD7C434FFD7CBD61075F /* [CP] Embed Pods Frameworks */,
				499AC817434CDF666F021D26 /* [CP] Copy Pods Resources */,
			);
			buildRules = (
			);
			dependencies = (
			);
			name = PushNotificationTest;
			productName = PushNotificationTest;
			productReference = D11C9A681F910FB800664BAF /* PushNotificationTest.app */;
			productType = "com.apple.product-type.application";
		};
		D11C9A7B1F910FB900664BAF /* PushNotificationTestTests */ = {
			isa = PBXNativeTarget;
			buildConfigurationList = D11C9A931F910FB900664BAF /* Build configuration list for PBXNativeTarget "PushNotificationTestTests" */;
			buildPhases = (
				0321EC1ACEBAE0FBE953CC34 /* [CP] Check Pods Manifest.lock */,
				D11C9A781F910FB900664BAF /* Sources */,
				D11C9A791F910FB900664BAF /* Frameworks */,
				D11C9A7A1F910FB900664BAF /* Resources */,
				849E67CB4163E9C56FC12B94 /* [CP] Embed Pods Frameworks */,
				56FAA2765D3AA63C7B19FFAB /* [CP] Copy Pods Resources */,
			);
			buildRules = (
			);
			dependencies = (
				D11C9A7E1F910FB900664BAF /* PBXTargetDependency */,
			);
			name = PushNotificationTestTests;
			productName = PushNotificationTestTests;
			productReference = D11C9A7C1F910FB900664BAF /* PushNotificationTestTests.xctest */;
			productType = "com.apple.product-type.bundle.unit-test";
		};
		D11C9A861F910FB900664BAF /* PushNotificationTestUITests */ = {
			isa = PBXNativeTarget;
			buildConfigurationList = D11C9A961F910FB900664BAF /* Build configuration list for PBXNativeTarget "PushNotificationTestUITests" */;
			buildPhases = (
				73993766B761EB65F7AB0053 /* [CP] Check Pods Manifest.lock */,
				D11C9A831F910FB900664BAF /* Sources */,
				D11C9A841F910FB900664BAF /* Frameworks */,
				D11C9A851F910FB900664BAF /* Resources */,
				0D318D0CE1B61FF8FA4EEC21 /* [CP] Embed Pods Frameworks */,
				475F3F75877E373673E46A01 /* [CP] Copy Pods Resources */,
			);
			buildRules = (
			);
			dependencies = (
				D11C9A891F910FB900664BAF /* PBXTargetDependency */,
			);
			name = PushNotificationTestUITests;
			productName = PushNotificationTestUITests;
			productReference = D11C9A871F910FB900664BAF /* PushNotificationTestUITests.xctest */;
			productType = "com.apple.product-type.bundle.ui-testing";
		};
/* End PBXNativeTarget section */

/* Begin PBXProject section */
		D11C9A601F910FB800664BAF /* Project object */ = {
			isa = PBXProject;
			attributes = {
				LastSwiftUpdateCheck = 0830;
				LastUpgradeCheck = 0830;
				ORGANIZATIONNAME = "First Orion Corp";
				TargetAttributes = {
					D11C9A671F910FB800664BAF = {
						CreatedOnToolsVersion = 8.3.3;
						DevelopmentTeam = 9K26M7235C;
						ProvisioningStyle = Automatic;
						SystemCapabilities = {
							com.apple.Push = {
								enabled = 1;
							};
						};
					};
					D11C9A7B1F910FB900664BAF = {
						CreatedOnToolsVersion = 8.3.3;
						DevelopmentTeam = 9K26M7235C;
						ProvisioningStyle = Automatic;
						TestTargetID = D11C9A671F910FB800664BAF;
					};
					D11C9A861F910FB900664BAF = {
						CreatedOnToolsVersion = 8.3.3;
						DevelopmentTeam = 9K26M7235C;
						ProvisioningStyle = Automatic;
						TestTargetID = D11C9A671F910FB800664BAF;
					};
				};
			};
			buildConfigurationList = D11C9A631F910FB800664BAF /* Build configuration list for PBXProject "PushNotificationTest" */;
			compatibilityVersion = "Xcode 3.2";
			developmentRegion = English;
			hasScannedForEncodings = 0;
			knownRegions = (
				en,
				Base,
			);
			mainGroup = D11C9A5F1F910FB800664BAF;
			productRefGroup = D11C9A691F910FB800664BAF /* Products */;
			projectDirPath = "";
			projectRoot = "";
			targets = (
				D11C9A671F910FB800664BAF /* PushNotificationTest */,
				D11C9A7B1F910FB900664BAF /* PushNotificationTestTests */,
				D11C9A861F910FB900664BAF /* PushNotificationTestUITests */,
			);
		};
/* End PBXProject section */

/* Begin PBXResourcesBuildPhase section */
		D11C9A661F910FB800664BAF /* Resources */ = {
			isa = PBXResourcesBuildPhase;
			buildActionMask = 2147483647;
			files = (
				D11C9A761F910FB800664BAF /* LaunchScreen.storyboard in Resources */,
				D11C9A9A1F9111CE00664BAF /* GoogleService-Info.plist in Resources */,
				D11C9A731F910FB800664BAF /* Assets.xcassets in Resources */,
				D11C9A711F910FB800664BAF /* Main.storyboard in Resources */,
			);
			runOnlyForDeploymentPostprocessing = 0;
		};
		D11C9A7A1F910FB900664BAF /* Resources */ = {
			isa = PBXResourcesBuildPhase;
			buildActionMask = 2147483647;
			files = (
				D11C9A9B1F9111CE00664BAF /* GoogleService-Info.plist in Resources */,
			);
			runOnlyForDeploymentPostprocessing = 0;
		};
		D11C9A851F910FB900664BAF /* Resources */ = {
			isa = PBXResourcesBuildPhase;
			buildActionMask = 2147483647;
			files = (
				D11C9A9C1F9111CE00664BAF /* GoogleService-Info.plist in Resources */,
			);
			runOnlyForDeploymentPostprocessing = 0;
		};
/* End PBXResourcesBuildPhase section */

/* Begin PBXShellScriptBuildPhase section */
		0321EC1ACEBAE0FBE953CC34 /* [CP] Check Pods Manifest.lock */ = {
			isa = PBXShellScriptBuildPhase;
			buildActionMask = 2147483647;
			files = (
			);
			inputPaths = (
			);
			name = "[CP] Check Pods Manifest.lock";
			outputPaths = (
			);
			runOnlyForDeploymentPostprocessing = 0;
			shellPath = /bin/sh;
			shellScript = "diff \"${PODS_ROOT}/../Podfile.lock\" \"${PODS_ROOT}/Manifest.lock\" > /dev/null\nif [ $? != 0 ] ; then\n    # print error to STDERR\n    echo \"error: The sandbox is not in sync with the Podfile.lock. Run 'pod install' or update your CocoaPods installation.\" >&2\n    exit 1\nfi\n";
			showEnvVarsInLog = 0;
		};
		0D318D0CE1B61FF8FA4EEC21 /* [CP] Embed Pods Frameworks */ = {
			isa = PBXShellScriptBuildPhase;
			buildActionMask = 2147483647;
			files = (
			);
			inputPaths = (
			);
			name = "[CP] Embed Pods Frameworks";
			outputPaths = (
			);
			runOnlyForDeploymentPostprocessing = 0;
			shellPath = /bin/sh;
			shellScript = "\"${SRCROOT}/Pods/Target Support Files/Pods-PushNotificationTestUITests/Pods-PushNotificationTestUITests-frameworks.sh\"\n";
			showEnvVarsInLog = 0;
		};
		31B4FD7C434FFD7CBD61075F /* [CP] Embed Pods Frameworks */ = {
			isa = PBXShellScriptBuildPhase;
			buildActionMask = 2147483647;
			files = (
			);
			inputPaths = (
			);
			name = "[CP] Embed Pods Frameworks";
			outputPaths = (
			);
			runOnlyForDeploymentPostprocessing = 0;
			shellPath = /bin/sh;
			shellScript = "\"${SRCROOT}/Pods/Target Support Files/Pods-PushNotificationTest/Pods-PushNotificationTest-frameworks.sh\"\n";
			showEnvVarsInLog = 0;
		};
		475F3F75877E373673E46A01 /* [CP] Copy Pods Resources */ = {
			isa = PBXShellScriptBuildPhase;
			buildActionMask = 2147483647;
			files = (
			);
			inputPaths = (
			);
			name = "[CP] Copy Pods Resources";
			outputPaths = (
			);
			runOnlyForDeploymentPostprocessing = 0;
			shellPath = /bin/sh;
			shellScript = "\"${SRCROOT}/Pods/Target Support Files/Pods-PushNotificationTestUITests/Pods-PushNotificationTestUITests-resources.sh\"\n";
			showEnvVarsInLog = 0;
		};
		499AC817434CDF666F021D26 /* [CP] Copy Pods Resources */ = {
			isa = PBXShellScriptBuildPhase;
			buildActionMask = 2147483647;
			files = (
			);
			inputPaths = (
			);
			name = "[CP] Copy Pods Resources";
			outputPaths = (
			);
			runOnlyForDeploymentPostprocessing = 0;
			shellPath = /bin/sh;
			shellScript = "\"${SRCROOT}/Pods/Target Support Files/Pods-PushNotificationTest/Pods-PushNotificationTest-resources.sh\"\n";
			showEnvVarsInLog = 0;
		};
		56FAA2765D3AA63C7B19FFAB /* [CP] Copy Pods Resources */ = {
			isa = PBXShellScriptBuildPhase;
			buildActionMask = 2147483647;
			files = (
			);
			inputPaths = (
			);
			name = "[CP] Copy Pods Resources";
			outputPaths = (
			);
			runOnlyForDeploymentPostprocessing = 0;
			shellPath = /bin/sh;
			shellScript = "\"${SRCROOT}/Pods/Target Support Files/Pods-PushNotificationTestTests/Pods-PushNotificationTestTests-resources.sh\"\n";
			showEnvVarsInLog = 0;
		};
		73993766B761EB65F7AB0053 /* [CP] Check Pods Manifest.lock */ = {
			isa = PBXShellScriptBuildPhase;
			buildActionMask = 2147483647;
			files = (
			);
			inputPaths = (
			);
			name = "[CP] Check Pods Manifest.lock";
			outputPaths = (
			);
			runOnlyForDeploymentPostprocessing = 0;
			shellPath = /bin/sh;
			shellScript = "diff \"${PODS_ROOT}/../Podfile.lock\" \"${PODS_ROOT}/Manifest.lock\" > /dev/null\nif [ $? != 0 ] ; then\n    # print error to STDERR\n    echo \"error: The sandbox is not in sync with the Podfile.lock. Run 'pod install' or update your CocoaPods installation.\" >&2\n    exit 1\nfi\n";
			showEnvVarsInLog = 0;
		};
		849E67CB4163E9C56FC12B94 /* [CP] Embed Pods Frameworks */ = {
			isa = PBXShellScriptBuildPhase;
			buildActionMask = 2147483647;
			files = (
			);
			inputPaths = (
			);
			name = "[CP] Embed Pods Frameworks";
			outputPaths = (
			);
			runOnlyForDeploymentPostprocessing = 0;
			shellPath = /bin/sh;
			shellScript = "\"${SRCROOT}/Pods/Target Support Files/Pods-PushNotificationTestTests/Pods-PushNotificationTestTests-frameworks.sh\"\n";
			showEnvVarsInLog = 0;
		};
		BD0555F84AE274B176DA3034 /* [CP] Check Pods Manifest.lock */ = {
			isa = PBXShellScriptBuildPhase;
			buildActionMask = 2147483647;
			files = (
			);
			inputPaths = (
			);
			name = "[CP] Check Pods Manifest.lock";
			outputPaths = (
			);
			runOnlyForDeploymentPostprocessing = 0;
			shellPath = /bin/sh;
			shellScript = "diff \"${PODS_ROOT}/../Podfile.lock\" \"${PODS_ROOT}/Manifest.lock\" > /dev/null\nif [ $? != 0 ] ; then\n    # print error to STDERR\n    echo \"error: The sandbox is not in sync with the Podfile.lock. Run 'pod install' or update your CocoaPods installation.\" >&2\n    exit 1\nfi\n";
			showEnvVarsInLog = 0;
		};
/* End PBXShellScriptBuildPhase section */

/* Begin PBXSourcesBuildPhase section */
		D11C9A641F910FB800664BAF /* Sources */ = {
			isa = PBXSourcesBuildPhase;
			buildActionMask = 2147483647;
			files = (
				D11C9A6E1F910FB800664BAF /* ViewController.swift in Sources */,
				D11C9A6C1F910FB800664BAF /* AppDelegate.swift in Sources */,
			);
			runOnlyForDeploymentPostprocessing = 0;
		};
		D11C9A781F910FB900664BAF /* Sources */ = {
			isa = PBXSourcesBuildPhase;
			buildActionMask = 2147483647;
			files = (
				D11C9A811F910FB900664BAF /* PushNotificationTestTests.swift in Sources */,
			);
			runOnlyForDeploymentPostprocessing = 0;
		};
		D11C9A831F910FB900664BAF /* Sources */ = {
			isa = PBXSourcesBuildPhase;
			buildActionMask = 2147483647;
			files = (
				D11C9A8C1F910FB900664BAF /* PushNotificationTestUITests.swift in Sources */,
			);
			runOnlyForDeploymentPostprocessing = 0;
		};
/* End PBXSourcesBuildPhase section */

/* Begin PBXTargetDependency section */
		D11C9A7E1F910FB900664BAF /* PBXTargetDependency */ = {
			isa = PBXTargetDependency;
			target = D11C9A671F910FB800664BAF /* PushNotificationTest */;
			targetProxy = D11C9A7D1F910FB900664BAF /* PBXContainerItemProxy */;
		};
		D11C9A891F910FB900664BAF /* PBXTargetDependency */ = {
			isa = PBXTargetDependency;
			target = D11C9A671F910FB800664BAF /* PushNotificationTest */;
			targetProxy = D11C9A881F910FB900664BAF /* PBXContainerItemProxy */;
		};
/* End PBXTargetDependency section */

/* Begin PBXVariantGroup section */
		D11C9A6F1F910FB800664BAF /* Main.storyboard */ = {
			isa = PBXVariantGroup;
			children = (
				D11C9A701F910FB800664BAF /* Base */,
			);
			name = Main.storyboard;
			sourceTree = "<group>";
		};
		D11C9A741F910FB800664BAF /* LaunchScreen.storyboard */ = {
			isa = PBXVariantGroup;
			children = (
				D11C9A751F910FB800664BAF /* Base */,
			);
			name = LaunchScreen.storyboard;
			sourceTree = "<group>";
		};
/* End PBXVariantGroup section */

/* Begin XCBuildConfiguration section */
		D11C9A8E1F910FB900664BAF /* Debug */ = {
			isa = XCBuildConfiguration;
			buildSettings = {
				ALWAYS_SEARCH_USER_PATHS = NO;
				CLANG_ANALYZER_NONNULL = YES;
				CLANG_ANALYZER_NUMBER_OBJECT_CONVERSION = YES_AGGRESSIVE;
				CLANG_CXX_LANGUAGE_STANDARD = "gnu++0x";
				CLANG_CXX_LIBRARY = "libc++";
				CLANG_ENABLE_MODULES = YES;
				CLANG_ENABLE_OBJC_ARC = YES;
				CLANG_WARN_BOOL_CONVERSION = YES;
				CLANG_WARN_CONSTANT_CONVERSION = YES;
				CLANG_WARN_DIRECT_OBJC_ISA_USAGE = YES_ERROR;
				CLANG_WARN_DOCUMENTATION_COMMENTS = YES;
				CLANG_WARN_EMPTY_BODY = YES;
				CLANG_WARN_ENUM_CONVERSION = YES;
				CLANG_WARN_INFINITE_RECURSION = YES;
				CLANG_WARN_INT_CONVERSION = YES;
				CLANG_WARN_OBJC_ROOT_CLASS = YES_ERROR;
				CLANG_WARN_SUSPICIOUS_MOVE = YES;
				CLANG_WARN_UNREACHABLE_CODE = YES;
				CLANG_WARN__DUPLICATE_METHOD_MATCH = YES;
				"CODE_SIGN_IDENTITY[sdk=iphoneos*]" = "iPhone Developer";
				COPY_PHASE_STRIP = NO;
				DEBUG_INFORMATION_FORMAT = dwarf;
				ENABLE_STRICT_OBJC_MSGSEND = YES;
				ENABLE_TESTABILITY = YES;
				GCC_C_LANGUAGE_STANDARD = gnu99;
				GCC_DYNAMIC_NO_PIC = NO;
				GCC_NO_COMMON_BLOCKS = YES;
				GCC_OPTIMIZATION_LEVEL = 0;
				GCC_PREPROCESSOR_DEFINITIONS = (
					"DEBUG=1",
					"$(inherited)",
				);
				GCC_WARN_64_TO_32_BIT_CONVERSION = YES;
				GCC_WARN_ABOUT_RETURN_TYPE = YES_ERROR;
				GCC_WARN_UNDECLARED_SELECTOR = YES;
				GCC_WARN_UNINITIALIZED_AUTOS = YES_AGGRESSIVE;
				GCC_WARN_UNUSED_FUNCTION = YES;
				GCC_WARN_UNUSED_VARIABLE = YES;
				IPHONEOS_DEPLOYMENT_TARGET = 10.3;
				MTL_ENABLE_DEBUG_INFO = YES;
				ONLY_ACTIVE_ARCH = YES;
				SDKROOT = iphoneos;
				SWIFT_ACTIVE_COMPILATION_CONDITIONS = DEBUG;
				SWIFT_OPTIMIZATION_LEVEL = "-Onone";
			};
			name = Debug;
		};
		D11C9A8F1F910FB900664BAF /* Release */ = {
			isa = XCBuildConfiguration;
			buildSettings = {
				ALWAYS_SEARCH_USER_PATHS = NO;
				CLANG_ANALYZER_NONNULL = YES;
				CLANG_ANALYZER_NUMBER_OBJECT_CONVERSION = YES_AGGRESSIVE;
				CLANG_CXX_LANGUAGE_STANDARD = "gnu++0x";
				CLANG_CXX_LIBRARY = "libc++";
				CLANG_ENABLE_MODULES = YES;
				CLANG_ENABLE_OBJC_ARC = YES;
				CLANG_WARN_BOOL_CONVERSION = YES;
				CLANG_WARN_CONSTANT_CONVERSION = YES;
				CLANG_WARN_DIRECT_OBJC_ISA_USAGE = YES_ERROR;
				CLANG_WARN_DOCUMENTATION_COMMENTS = YES;
				CLANG_WARN_EMPTY_BODY = YES;
				CLANG_WARN_ENUM_CONVERSION = YES;
				CLANG_WARN_INFINITE_RECURSION = YES;
				CLANG_WARN_INT_CONVERSION = YES;
				CLANG_WARN_OBJC_ROOT_CLASS = YES_ERROR;
				CLANG_WARN_SUSPICIOUS_MOVE = YES;
				CLANG_WARN_UNREACHABLE_CODE = YES;
				CLANG_WARN__DUPLICATE_METHOD_MATCH = YES;
				"CODE_SIGN_IDENTITY[sdk=iphoneos*]" = "iPhone Developer";
				COPY_PHASE_STRIP = NO;
				DEBUG_INFORMATION_FORMAT = "dwarf-with-dsym";
				ENABLE_NS_ASSERTIONS = NO;
				ENABLE_STRICT_OBJC_MSGSEND = YES;
				GCC_C_LANGUAGE_STANDARD = gnu99;
				GCC_NO_COMMON_BLOCKS = YES;
				GCC_WARN_64_TO_32_BIT_CONVERSION = YES;
				GCC_WARN_ABOUT_RETURN_TYPE = YES_ERROR;
				GCC_WARN_UNDECLARED_SELECTOR = YES;
				GCC_WARN_UNINITIALIZED_AUTOS = YES_AGGRESSIVE;
				GCC_WARN_UNUSED_FUNCTION = YES;
				GCC_WARN_UNUSED_VARIABLE = YES;
				IPHONEOS_DEPLOYMENT_TARGET = 10.3;
				MTL_ENABLE_DEBUG_INFO = NO;
				SDKROOT = iphoneos;
				SWIFT_OPTIMIZATION_LEVEL = "-Owholemodule";
				VALIDATE_PRODUCT = YES;
			};
			name = Release;
		};
		D11C9A911F910FB900664BAF /* Debug */ = {
			isa = XCBuildConfiguration;
			baseConfigurationReference = 45F976A1AB742E85D374EFC1 /* Pods-PushNotificationTest.debug.xcconfig */;
			buildSettings = {
				ASSETCATALOG_COMPILER_APPICON_NAME = AppIcon;
				CODE_SIGN_ENTITLEMENTS = PushNotificationTest/PushNotificationTest.entitlements;
				"CODE_SIGN_IDENTITY[sdk=iphoneos*]" = "iPhone Developer";
				DEVELOPMENT_TEAM = 9K26M7235C;
				INFOPLIST_FILE = PushNotificationTest/Info.plist;
				LD_RUNPATH_SEARCH_PATHS = "$(inherited) @executable_path/Frameworks";
				PRODUCT_BUNDLE_IDENTIFIER = com.firstorion.PushNotificationTest;
				PRODUCT_NAME = "$(TARGET_NAME)";
				PROVISIONING_PROFILE = "";
				PROVISIONING_PROFILE_SPECIFIER = "";
				SWIFT_VERSION = 3.0;
			};
			name = Debug;
		};
		D11C9A921F910FB900664BAF /* Release */ = {
			isa = XCBuildConfiguration;
			baseConfigurationReference = 2707D680B39D61A1190DE23C /* Pods-PushNotificationTest.release.xcconfig */;
			buildSettings = {
				ASSETCATALOG_COMPILER_APPICON_NAME = AppIcon;
				CODE_SIGN_ENTITLEMENTS = PushNotificationTest/PushNotificationTest.entitlements;
				"CODE_SIGN_IDENTITY[sdk=iphoneos*]" = "iPhone Developer";
				DEVELOPMENT_TEAM = 9K26M7235C;
				INFOPLIST_FILE = PushNotificationTest/Info.plist;
				LD_RUNPATH_SEARCH_PATHS = "$(inherited) @executable_path/Frameworks";
				PRODUCT_BUNDLE_IDENTIFIER = com.firstorion.PushNotificationTest;
				PRODUCT_NAME = "$(TARGET_NAME)";
				PROVISIONING_PROFILE = "";
				PROVISIONING_PROFILE_SPECIFIER = "";
				SWIFT_VERSION = 3.0;
			};
			name = Release;
		};
		D11C9A941F910FB900664BAF /* Debug */ = {
			isa = XCBuildConfiguration;
			baseConfigurationReference = 44D95FB60D455377FC2EA480 /* Pods-PushNotificationTestTests.debug.xcconfig */;
			buildSettings = {
				ALWAYS_EMBED_SWIFT_STANDARD_LIBRARIES = YES;
				BUNDLE_LOADER = "$(TEST_HOST)";
				DEVELOPMENT_TEAM = 9K26M7235C;
				INFOPLIST_FILE = PushNotificationTestTests/Info.plist;
				LD_RUNPATH_SEARCH_PATHS = "$(inherited) @executable_path/Frameworks @loader_path/Frameworks";
				PRODUCT_BUNDLE_IDENTIFIER = com.firstorion.PushNotificationTestTests;
				PRODUCT_NAME = "$(TARGET_NAME)";
				SWIFT_VERSION = 3.0;
				TEST_HOST = "$(BUILT_PRODUCTS_DIR)/PushNotificationTest.app/PushNotificationTest";
			};
			name = Debug;
		};
		D11C9A951F910FB900664BAF /* Release */ = {
			isa = XCBuildConfiguration;
			baseConfigurationReference = 813415C2DAA6D4989C6B4E7D /* Pods-PushNotificationTestTests.release.xcconfig */;
			buildSettings = {
				ALWAYS_EMBED_SWIFT_STANDARD_LIBRARIES = YES;
				BUNDLE_LOADER = "$(TEST_HOST)";
				DEVELOPMENT_TEAM = 9K26M7235C;
				INFOPLIST_FILE = PushNotificationTestTests/Info.plist;
				LD_RUNPATH_SEARCH_PATHS = "$(inherited) @executable_path/Frameworks @loader_path/Frameworks";
				PRODUCT_BUNDLE_IDENTIFIER = com.firstorion.PushNotificationTestTests;
				PRODUCT_NAME = "$(TARGET_NAME)";
				SWIFT_VERSION = 3.0;
				TEST_HOST = "$(BUILT_PRODUCTS_DIR)/PushNotificationTest.app/PushNotificationTest";
			};
			name = Release;
		};
		D11C9A971F910FB900664BAF /* Debug */ = {
			isa = XCBuildConfiguration;
			baseConfigurationReference = 727E5909D234C6EA5EA4B6DA /* Pods-PushNotificationTestUITests.debug.xcconfig */;
			buildSettings = {
				ALWAYS_EMBED_SWIFT_STANDARD_LIBRARIES = YES;
				DEVELOPMENT_TEAM = 9K26M7235C;
				INFOPLIST_FILE = PushNotificationTestUITests/Info.plist;
				LD_RUNPATH_SEARCH_PATHS = "$(inherited) @executable_path/Frameworks @loader_path/Frameworks";
				PRODUCT_BUNDLE_IDENTIFIER = com.firstorion.PushNotificationTestUITests;
				PRODUCT_NAME = "$(TARGET_NAME)";
				SWIFT_VERSION = 3.0;
				TEST_TARGET_NAME = PushNotificationTest;
			};
			name = Debug;
		};
		D11C9A981F910FB900664BAF /* Release */ = {
			isa = XCBuildConfiguration;
			baseConfigurationReference = 19D0F8B6B3692F5FDE173B6A /* Pods-PushNotificationTestUITests.release.xcconfig */;
			buildSettings = {
				ALWAYS_EMBED_SWIFT_STANDARD_LIBRARIES = YES;
				DEVELOPMENT_TEAM = 9K26M7235C;
				INFOPLIST_FILE = PushNotificationTestUITests/Info.plist;
				LD_RUNPATH_SEARCH_PATHS = "$(inherited) @executable_path/Frameworks @loader_path/Frameworks";
				PRODUCT_BUNDLE_IDENTIFIER = com.firstorion.PushNotificationTestUITests;
				PRODUCT_NAME = "$(TARGET_NAME)";
				SWIFT_VERSION = 3.0;
				TEST_TARGET_NAME = PushNotificationTest;
			};
			name = Release;
		};
/* End XCBuildConfiguration section */

/* Begin XCConfigurationList section */
		D11C9A631F910FB800664BAF /* Build configuration list for PBXProject "PushNotificationTest" */ = {
			isa = XCConfigurationList;
			buildConfigurations = (
				D11C9A8E1F910FB900664BAF /* Debug */,
				D11C9A8F1F910FB900664BAF /* Release */,
			);
			defaultConfigurationIsVisible = 0;
			defaultConfigurationName = Release;
		};
		D11C9A901F910FB900664BAF /* Build configuration list for PBXNativeTarget "PushNotificationTest" */ = {
			isa = XCConfigurationList;
			buildConfigurations = (
				D11C9A911F910FB900664BAF /* Debug */,
				D11C9A921F910FB900664BAF /* Release */,
			);
			defaultConfigurationIsVisible = 0;
			defaultConfigurationName = Release;
		};
		D11C9A931F910FB900664BAF /* Build configuration list for PBXNativeTarget "PushNotificationTestTests" */ = {
			isa = XCConfigurationList;
			buildConfigurations = (
				D11C9A941F910FB900664BAF /* Debug */,
				D11C9A951F910FB900664BAF /* Release */,
			);
			defaultConfigurationIsVisible = 0;
			defaultConfigurationName = Release;
		};
		D11C9A961F910FB900664BAF /* Build configuration list for PBXNativeTarget "PushNotificationTestUITests" */ = {
			isa = XCConfigurationList;
			buildConfigurations = (
				D11C9A971F910FB900664BAF /* Debug */,
				D11C9A981F910FB900664BAF /* Release */,
			);
			defaultConfigurationIsVisible = 0;
			defaultConfigurationName = Release;
		};
/* End XCConfigurationList section */
	};
	rootObject = D11C9A601F910FB800664BAF /* Project object */;
}
